
Microsoft Visual Studio Solution File, Format Version 12.00
# Visual Studio Version 17
VisualStudioVersion = 17.8.34309.116
MinimumVisualStudioVersion = 10.0.40219.1
Project("{9A19103F-16F7-4668-BE54-9A1E7A4F7556}") = "SoftataConsole", "SoftataConsole\SoftataConsole.csproj", "{19A166BA-C737-4E5C-909C-C79BA17C6A73}"
EndProject
Project("{9A19103F-16F7-4668-BE54-9A1E7A4F7556}") = "SofataLib", "SofataLib\SofataLib.csproj", "{7886C231-9382-4D25-8B95-4F2C53CE37A7}"
EndProject
Project("{9A19103F-16F7-4668-BE54-9A1E7A4F7556}") = "BlazorSoftata", "BlazorSoftata\BlazorSoftata.csproj", "{F938F9FD-B8B0-47D3-BEE8-5BACF0BCB9DA}"
EndProject
Project("{2150E333-8FDC-42A3-9474-1A3956D46DE8}") = "Solution Items", "Solution Items", "{5C9D7B95-EAC4-4C11-A784-C0B0F706E099}"
	ProjectSection(SolutionItems) = preProject
		README.md = README.md
		README_V1.md = README_V1.md
		README_V2.md = README_V2.md
		README_V3.md = README_V3.md
		RepositoryHistory.md = RepositoryHistory.md
		SoftataAPI.md = SoftataAPI.md
	EndProjectSection
EndProject
Project("{9A19103F-16F7-4668-BE54-9A1E7A4F7556}") = "SoftataWebAPI", "SoftataWebAPI\SoftataWebAPI.csproj", "{93DBA8B2-9F2C-47F0-9DEE-4B38020570DF}"
EndProject
Project("{9A19103F-16F7-4668-BE54-9A1E7A4F7556}") = "NetStandardSoftata", "NetStandardSoftata\NetStandardSoftata.csproj", "{A4DAD8C8-7A3F-4EB0-9CB7-EF64052F2311}"
EndProject
Project("{9A19103F-16F7-4668-BE54-9A1E7A4F7556}") = "MeadowLab", "MeadowLab\MeadowLab.csproj", "{2B948638-7F1B-4575-A5B3-D3F25D6A270F}"
EndProject
Project("{9A19103F-16F7-4668-BE54-9A1E7A4F7556}") = "MeadowLab.WindowsDesktop", "MeadowLab.WindowsDesktop\MeadowLab.WindowsDesktop.csproj", "{E524B9E4-D353-4695-B0E6-7FB2F0847D24}"
EndProject
Project("{2150E333-8FDC-42A3-9474-1A3956D46DE8}") = "Misc", "Misc", "{60F3D639-033B-434F-B14B-2ABB6089B703}"
	ProjectSection(SolutionItems) = preProject
		ReadMe..md = ReadMe..md
	EndProjectSection
EndProject
Project("{2150E333-8FDC-42A3-9474-1A3956D46DE8}") = "OTALedFlash", "OTALedFlash", "{4F9B17D9-D813-440F-B032-16F666BA5574}"
	ProjectSection(SolutionItems) = preProject
		Misc\OTALedFlash\OTALedFlash.h = Misc\OTALedFlash\OTALedFlash.h
		Misc\OTALedFlash\OTALedFlash.ino = Misc\OTALedFlash\OTALedFlash.ino
	EndProjectSection
EndProject
Project("{2150E333-8FDC-42A3-9474-1A3956D46DE8}") = "Arduino", "Arduino", "{60B26E93-BC37-48E6-8021-B6306EBF18F2}"
EndProject
Project("{2150E333-8FDC-42A3-9474-1A3956D46DE8}") = "Softata", "Softata", "{4E76E241-63D8-4B79-B328-EC08E1335297}"
	ProjectSection(SolutionItems) = preProject
		Softata\devicesLists.h = Softata\devicesLists.h
		Softata\iothub.h = Softata\iothub.h
		Softata\rpiboards.h = Softata\rpiboards.h
		Softata\rpiwatchdog.c = Softata\rpiwatchdog.c
		Softata\rpiwatchdog.h = Softata\rpiwatchdog.h
		Softata\Softata.h = Softata\Softata.h
		Softata\Softata.ino = Softata\Softata.ino
		Softata\SoftataCore2.h = Softata\SoftataCore2.h
	EndProjectSection
EndProject
Project("{2150E333-8FDC-42A3-9474-1A3956D46DE8}") = "src", "src", "{55DCE197-4F20-4629-B62E-9C2AF07307CF}"
	ProjectSection(SolutionItems) = preProject
		Softata\src\adrafruit_neopixel.cpp = Softata\src\adrafruit_neopixel.cpp
		Softata\src\grove.h = Softata\src\grove.h
		Softata\src\grove_actuator.h = Softata\src\grove_actuator.h
		Softata\src\grove_bargraph.cpp = Softata\src\grove_bargraph.cpp
		Softata\src\grove_bme280.cpp = Softata\src\grove_bme280.cpp
		Softata\src\grove_dht11.cpp = Softata\src\grove_dht11.cpp
		Softata\src\grove_displays.cpp = Softata\src\grove_displays.cpp
		Softata\src\grove_displays.h = Softata\src\grove_displays.h
		Softata\src\grove_environsensors.h = Softata\src\grove_environsensors.h
		Softata\src\grove_sensor.h = Softata\src\grove_sensor.h
		Softata\src\grove_sensor_template.cpp.txt = Softata\src\grove_sensor_template.cpp.txt
		Softata\src\grove_urange.cpp = Softata\src\grove_urange.cpp
		Softata\src\ic_74hc595_shiftRegister.cpp = Softata\src\ic_74hc595_shiftRegister.cpp
		Softata\src\ic_74hc595_shiftRegister.h = Softata\src\ic_74hc595_shiftRegister.h
		Softata\src\servo.cpp = Softata\src\servo.cpp
		Softata\src\Shift595ParaOut.cpp = Softata\src\Shift595ParaOut.cpp
	EndProjectSection
EndProject
Project("{2150E333-8FDC-42A3-9474-1A3956D46DE8}") = "SoftataOTA", "SoftataOTA", "{1D47515E-81D0-4D41-98F8-8F9DEA6EB53F}"
	ProjectSection(SolutionItems) = preProject
		SoftataOTA\devicesLists.h = SoftataOTA\devicesLists.h
		SoftataOTA\iothub.h = SoftataOTA\iothub.h
		SoftataOTA\rpiboards.h = SoftataOTA\rpiboards.h
		SoftataOTA\rpiwatchdog.c = SoftataOTA\rpiwatchdog.c
		SoftataOTA\rpiwatchdog.h = SoftataOTA\rpiwatchdog.h
		SoftataOTA\serial_macros.h = SoftataOTA\serial_macros.h
		SoftataOTA\Softata.h = SoftataOTA\Softata.h
		SoftataOTA\SoftataCore2.h = SoftataOTA\SoftataCore2.h
		SoftataOTA\SoftataOTA-2.ino = SoftataOTA\SoftataOTA-2.ino
		SoftataOTA\SoftataOTA.h = SoftataOTA\SoftataOTA.h
	EndProjectSection
EndProject
Project("{2150E333-8FDC-42A3-9474-1A3956D46DE8}") = "SoftataOptSerial", "SoftataOptSerial", "{E63711C8-F627-4EA4-85E2-B618F227483B}"
	ProjectSection(SolutionItems) = preProject
		SoftataOptSerial\devicesLists.h = SoftataOptSerial\devicesLists.h
		SoftataOptSerial\iothub.h = SoftataOptSerial\iothub.h
		SoftataOptSerial\rpiboards.h = SoftataOptSerial\rpiboards.h
		SoftataOptSerial\rpiwatchdog.c = SoftataOptSerial\rpiwatchdog.c
		SoftataOptSerial\rpiwatchdog.h = SoftataOptSerial\rpiwatchdog.h
		SoftataOptSerial\serial_macros.h = SoftataOptSerial\serial_macros.h
		SoftataOptSerial\Softata.h = SoftataOptSerial\Softata.h
		SoftataOptSerial\SoftataCore2.h = SoftataOptSerial\SoftataCore2.h
		SoftataOptSerial\SoftataOptSerial.ino = SoftataOptSerial\SoftataOptSerial.ino
	EndProjectSection
EndProject
Project("{2150E333-8FDC-42A3-9474-1A3956D46DE8}") = "src", "src", "{A5ED25A0-96F4-4DCA-A6B8-1FE8761632B9}"
	ProjectSection(SolutionItems) = preProject
		SoftataOTA\src\adrafruit_neopixel.cpp = SoftataOTA\src\adrafruit_neopixel.cpp
		SoftataOTA\src\grove.h = SoftataOTA\src\grove.h
		SoftataOTA\src\grove_actuator.h = SoftataOTA\src\grove_actuator.h
		SoftataOTA\src\grove_bargraph.cpp = SoftataOTA\src\grove_bargraph.cpp
		SoftataOTA\src\grove_bme280.cpp = SoftataOTA\src\grove_bme280.cpp
		SoftataOTA\src\grove_dht11.cpp = SoftataOTA\src\grove_dht11.cpp
		SoftataOTA\src\grove_displays.cpp = SoftataOTA\src\grove_displays.cpp
		SoftataOTA\src\grove_displays.h = SoftataOTA\src\grove_displays.h
		SoftataOTA\src\grove_environsensors.h = SoftataOTA\src\grove_environsensors.h
		SoftataOTA\src\grove_sensor.h = SoftataOTA\src\grove_sensor.h
		SoftataOTA\src\grove_sensor_template.cpp.txt = SoftataOTA\src\grove_sensor_template.cpp.txt
		SoftataOTA\src\grove_urange.cpp = SoftataOTA\src\grove_urange.cpp
		SoftataOTA\src\ic_74hc595_shiftRegister.cpp = SoftataOTA\src\ic_74hc595_shiftRegister.cpp
		SoftataOTA\src\ic_74hc595_shiftRegister.h = SoftataOTA\src\ic_74hc595_shiftRegister.h
		SoftataOTA\src\servo.cpp = SoftataOTA\src\servo.cpp
		SoftataOTA\src\Shift595ParaOut.cpp = SoftataOTA\src\Shift595ParaOut.cpp
	EndProjectSection
EndProject
Project("{2150E333-8FDC-42A3-9474-1A3956D46DE8}") = "src", "src", "{0CBAE3E8-9D71-4596-A698-54102CCABC56}"
	ProjectSection(SolutionItems) = preProject
		SoftataOptSerial\src\adrafruit_neopixel.cpp = SoftataOptSerial\src\adrafruit_neopixel.cpp
		SoftataOptSerial\src\grove.h = SoftataOptSerial\src\grove.h
		SoftataOptSerial\src\grove_actuator.h = SoftataOptSerial\src\grove_actuator.h
		SoftataOptSerial\src\grove_bargraph.cpp = SoftataOptSerial\src\grove_bargraph.cpp
		SoftataOptSerial\src\grove_bme280.cpp = SoftataOptSerial\src\grove_bme280.cpp
		SoftataOptSerial\src\grove_dht11.cpp = SoftataOptSerial\src\grove_dht11.cpp
		SoftataOptSerial\src\grove_displays.cpp = SoftataOptSerial\src\grove_displays.cpp
		SoftataOptSerial\src\grove_displays.h = SoftataOptSerial\src\grove_displays.h
		SoftataOptSerial\src\grove_environsensors.h = SoftataOptSerial\src\grove_environsensors.h
		SoftataOptSerial\src\grove_sensor.h = SoftataOptSerial\src\grove_sensor.h
		SoftataOptSerial\src\grove_sensor_template.cpp.txt = SoftataOptSerial\src\grove_sensor_template.cpp.txt
		SoftataOptSerial\src\grove_urange.cpp = SoftataOptSerial\src\grove_urange.cpp
		SoftataOptSerial\src\ic_74hc595_shiftRegister.cpp = SoftataOptSerial\src\ic_74hc595_shiftRegister.cpp
		SoftataOptSerial\src\ic_74hc595_shiftRegister.h = SoftataOptSerial\src\ic_74hc595_shiftRegister.h
		SoftataOptSerial\src\servo.cpp = SoftataOptSerial\src\servo.cpp
		SoftataOptSerial\src\Shift595ParaOut.cpp = SoftataOptSerial\src\Shift595ParaOut.cpp
	EndProjectSection
EndProject
Project("{FAE04EC0-301F-11D3-BF4B-00C04F79EFBC}") = "RPiPicoWArduinoBuildDeploy", "RPiPicoWArduinoBuildDeploy\RPiPicoWArduinoBuildDeploy.csproj", "{38DB456F-AB20-401E-A3F1-ECE08A4C94D6}"
EndProject
Project("{2150E333-8FDC-42A3-9474-1A3956D46DE8}") = "ota", "ota", "{5488C0EE-01F8-4064-9834-3690E2D8EC9B}"
	ProjectSection(SolutionItems) = preProject
		SoftataOTA\ota\espota.py = SoftataOTA\ota\espota.py
		SoftataOTA\ota\OTA-generic.bat = SoftataOTA\ota\OTA-generic.bat
		SoftataOTA\ota\OTA-pythoninpath.bat = SoftataOTA\ota\OTA-pythoninpath.bat
		SoftataOTA\ota\SoftataOTA.ino.bin = SoftataOTA\ota\SoftataOTA.ino.bin
		SoftataOTA\ota\ReadMe.md = SoftataOTA\ota\ReadMe.md
		SoftataOTA\ota\UpdateOTAFolder.bat = SoftataOTA\ota\UpdateOTAFolder.bat
		SoftataOTA\ota\USBSerial-pythoninpath.bat = SoftataOTA\ota\USBSerial-pythoninpath.bat
	EndProjectSection
EndProject
Project("{2150E333-8FDC-42A3-9474-1A3956D46DE8}") = "eepromwifi", "eepromwifi", "{8482F3A4-F77A-42A9-A9A2-D2DD82DEA428}"
	ProjectSection(SolutionItems) = preProject
		Misc\eepromWiFi\eepromWiFi.h = Misc\eepromWiFi\eepromWiFi.h
		Misc\eepromWiFi\eepromWiFi.ino = Misc\eepromWiFi\eepromWiFi.ino
	EndProjectSection
EndProject
Project("{2150E333-8FDC-42A3-9474-1A3956D46DE8}") = "build", "build", "{B33E4227-7763-43B7-929E-46F6A1A49AB1}"
EndProject
Project("{2150E333-8FDC-42A3-9474-1A3956D46DE8}") = "rp2040.rp2040.rpipicow", "rp2040.rp2040.rpipicow", "{973250BA-51A8-4268-B45D-1E21D90B157E}"
	ProjectSection(SolutionItems) = preProject
		Misc\eepromWiFi\build\rp2040.rp2040.rpipicow\eepromWiFi.ino.bin = Misc\eepromWiFi\build\rp2040.rp2040.rpipicow\eepromWiFi.ino.bin
		Misc\eepromWiFi\build\rp2040.rp2040.rpipicow\eepromWiFi.ino.elf = Misc\eepromWiFi\build\rp2040.rp2040.rpipicow\eepromWiFi.ino.elf
		Misc\eepromWiFi\build\rp2040.rp2040.rpipicow\eepromWiFi.ino.map = Misc\eepromWiFi\build\rp2040.rp2040.rpipicow\eepromWiFi.ino.map
		Misc\eepromWiFi\build\rp2040.rp2040.rpipicow\eepromWiFi.ino.uf2 = Misc\eepromWiFi\build\rp2040.rp2040.rpipicow\eepromWiFi.ino.uf2
	EndProjectSection
EndProject
Global
	GlobalSection(SolutionConfigurationPlatforms) = preSolution
		Debug|Any CPU = Debug|Any CPU
		Release|Any CPU = Release|Any CPU
	EndGlobalSection
	GlobalSection(ProjectConfigurationPlatforms) = postSolution
		{19A166BA-C737-4E5C-909C-C79BA17C6A73}.Debug|Any CPU.ActiveCfg = Debug|Any CPU
		{19A166BA-C737-4E5C-909C-C79BA17C6A73}.Debug|Any CPU.Build.0 = Debug|Any CPU
		{19A166BA-C737-4E5C-909C-C79BA17C6A73}.Release|Any CPU.ActiveCfg = Release|Any CPU
		{19A166BA-C737-4E5C-909C-C79BA17C6A73}.Release|Any CPU.Build.0 = Release|Any CPU
		{7886C231-9382-4D25-8B95-4F2C53CE37A7}.Debug|Any CPU.ActiveCfg = Debug|Any CPU
		{7886C231-9382-4D25-8B95-4F2C53CE37A7}.Debug|Any CPU.Build.0 = Debug|Any CPU
		{7886C231-9382-4D25-8B95-4F2C53CE37A7}.Release|Any CPU.ActiveCfg = Release|Any CPU
		{F938F9FD-B8B0-47D3-BEE8-5BACF0BCB9DA}.Debug|Any CPU.ActiveCfg = Debug|Any CPU
		{F938F9FD-B8B0-47D3-BEE8-5BACF0BCB9DA}.Debug|Any CPU.Build.0 = Debug|Any CPU
		{F938F9FD-B8B0-47D3-BEE8-5BACF0BCB9DA}.Release|Any CPU.ActiveCfg = Release|Any CPU
		{93DBA8B2-9F2C-47F0-9DEE-4B38020570DF}.Debug|Any CPU.ActiveCfg = Debug|Any CPU
		{93DBA8B2-9F2C-47F0-9DEE-4B38020570DF}.Debug|Any CPU.Build.0 = Debug|Any CPU
		{93DBA8B2-9F2C-47F0-9DEE-4B38020570DF}.Release|Any CPU.ActiveCfg = Release|Any CPU
		{A4DAD8C8-7A3F-4EB0-9CB7-EF64052F2311}.Debug|Any CPU.ActiveCfg = Debug|Any CPU
		{A4DAD8C8-7A3F-4EB0-9CB7-EF64052F2311}.Debug|Any CPU.Build.0 = Debug|Any CPU
		{A4DAD8C8-7A3F-4EB0-9CB7-EF64052F2311}.Release|Any CPU.ActiveCfg = Release|Any CPU
		{A4DAD8C8-7A3F-4EB0-9CB7-EF64052F2311}.Release|Any CPU.Build.0 = Release|Any CPU
		{2B948638-7F1B-4575-A5B3-D3F25D6A270F}.Debug|Any CPU.ActiveCfg = Debug|Any CPU
		{2B948638-7F1B-4575-A5B3-D3F25D6A270F}.Debug|Any CPU.Build.0 = Debug|Any CPU
		{2B948638-7F1B-4575-A5B3-D3F25D6A270F}.Debug|Any CPU.Deploy.0 = Debug|Any CPU
		{2B948638-7F1B-4575-A5B3-D3F25D6A270F}.Release|Any CPU.ActiveCfg = Release|Any CPU
		{2B948638-7F1B-4575-A5B3-D3F25D6A270F}.Release|Any CPU.Build.0 = Release|Any CPU
		{E524B9E4-D353-4695-B0E6-7FB2F0847D24}.Debug|Any CPU.ActiveCfg = Debug|Any CPU
		{E524B9E4-D353-4695-B0E6-7FB2F0847D24}.Debug|Any CPU.Build.0 = Debug|Any CPU
		{E524B9E4-D353-4695-B0E6-7FB2F0847D24}.Release|Any CPU.ActiveCfg = Release|Any CPU
		{E524B9E4-D353-4695-B0E6-7FB2F0847D24}.Release|Any CPU.Build.0 = Release|Any CPU
		{38DB456F-AB20-401E-A3F1-ECE08A4C94D6}.Debug|Any CPU.ActiveCfg = Debug|Any CPU
		{38DB456F-AB20-401E-A3F1-ECE08A4C94D6}.Debug|Any CPU.Build.0 = Debug|Any CPU
		{38DB456F-AB20-401E-A3F1-ECE08A4C94D6}.Release|Any CPU.ActiveCfg = Release|Any CPU
		{38DB456F-AB20-401E-A3F1-ECE08A4C94D6}.Release|Any CPU.Build.0 = Release|Any CPU
	EndGlobalSection
	GlobalSection(SolutionProperties) = preSolution
		HideSolutionNode = FALSE
	EndGlobalSection
	GlobalSection(NestedProjects) = preSolution
		{60F3D639-033B-434F-B14B-2ABB6089B703} = {5C9D7B95-EAC4-4C11-A784-C0B0F706E099}
		{4F9B17D9-D813-440F-B032-16F666BA5574} = {60F3D639-033B-434F-B14B-2ABB6089B703}
		{4E76E241-63D8-4B79-B328-EC08E1335297} = {60B26E93-BC37-48E6-8021-B6306EBF18F2}
		{55DCE197-4F20-4629-B62E-9C2AF07307CF} = {4E76E241-63D8-4B79-B328-EC08E1335297}
		{1D47515E-81D0-4D41-98F8-8F9DEA6EB53F} = {60B26E93-BC37-48E6-8021-B6306EBF18F2}
		{E63711C8-F627-4EA4-85E2-B618F227483B} = {60B26E93-BC37-48E6-8021-B6306EBF18F2}
		{A5ED25A0-96F4-4DCA-A6B8-1FE8761632B9} = {1D47515E-81D0-4D41-98F8-8F9DEA6EB53F}
		{0CBAE3E8-9D71-4596-A698-54102CCABC56} = {E63711C8-F627-4EA4-85E2-B618F227483B}
		{5488C0EE-01F8-4064-9834-3690E2D8EC9B} = {1D47515E-81D0-4D41-98F8-8F9DEA6EB53F}
		{8482F3A4-F77A-42A9-A9A2-D2DD82DEA428} = {60F3D639-033B-434F-B14B-2ABB6089B703}
		{B33E4227-7763-43B7-929E-46F6A1A49AB1} = {8482F3A4-F77A-42A9-A9A2-D2DD82DEA428}
		{973250BA-51A8-4268-B45D-1E21D90B157E} = {B33E4227-7763-43B7-929E-46F6A1A49AB1}
	EndGlobalSection
	GlobalSection(ExtensibilityGlobals) = postSolution
		SolutionGuid = {84B4F03A-12C2-41A7-A747-5849AA29553F}
	EndGlobalSection
EndGlobal
