
Microsoft Visual Studio Solution File, Format Version 12.00
# Visual Studio Version 17
VisualStudioVersion = 17.8.34309.116
MinimumVisualStudioVersion = 10.0.40219.1
Project("{2150E333-8FDC-42A3-9474-1A3956D46DE8}") = "Solution Items", "Solution Items", "{5C9D7B95-EAC4-4C11-A784-C0B0F706E099}"
	ProjectSection(SolutionItems) = preProject
		README.md = README.md
		README_V1.md = README_V1.md
		README_V2.md = README_V2.md
		README_V3.md = README_V3.md
		RepositoryHistory.md = RepositoryHistory.md
		SoftataAPI.md = SoftataAPI.md
	EndProjectSection
EndProject
Project("{9A19103F-16F7-4668-BE54-9A1E7A4F7556}") = "SoftataWebAPI", "SoftataWebAPI\SoftataWebAPI.csproj", "{93DBA8B2-9F2C-47F0-9DEE-4B38020570DF}"
EndProject
Project("{2150E333-8FDC-42A3-9474-1A3956D46DE8}") = "MiscArduinoSketches", "MiscArduinoSketches", "{60F3D639-033B-434F-B14B-2ABB6089B703}"
EndProject
Project("{2150E333-8FDC-42A3-9474-1A3956D46DE8}") = "OTALedFlash", "OTALedFlash", "{4F9B17D9-D813-440F-B032-16F666BA5574}"
	ProjectSection(SolutionItems) = preProject
		MiscArduinoSketches\OTALedFlash\OTALedFlash.h = MiscArduinoSketches\OTALedFlash\OTALedFlash.h
		MiscArduinoSketches\OTALedFlash\OTALedFlash.ino = MiscArduinoSketches\OTALedFlash\OTALedFlash.ino
	EndProjectSection
EndProject
Project("{2150E333-8FDC-42A3-9474-1A3956D46DE8}") = "Arduino", "Arduino", "{60B26E93-BC37-48E6-8021-B6306EBF18F2}"
EndProject
Project("{2150E333-8FDC-42A3-9474-1A3956D46DE8}") = "Softata", "Softata", "{4E76E241-63D8-4B79-B328-EC08E1335297}"
	ProjectSection(SolutionItems) = preProject
		Softata\devicesLists.h = Softata\devicesLists.h
		Softata\iothub.h = Softata\iothub.h
		Softata\rpiboards.h = Softata\rpiboards.h
		Softata\rpiwatchdog.c = Softata\rpiwatchdog.c
		Softata\rpiwatchdog.h = Softata\rpiwatchdog.h
		Softata\Softata.h = Softata\Softata.h
		Softata\Softata.ino = Softata\Softata.ino
		Softata\SoftataCore2.h = Softata\SoftataCore2.h
	EndProjectSection
EndProject
Project("{2150E333-8FDC-42A3-9474-1A3956D46DE8}") = "SoftataOTA", "SoftataOTA", "{1D47515E-81D0-4D41-98F8-8F9DEA6EB53F}"
	ProjectSection(SolutionItems) = preProject
		SoftataOTA\devicesLists.h = SoftataOTA\devicesLists.h
		SoftataOTA\eepromWiFi.cpp = SoftataOTA\eepromWiFi.cpp
		SoftataOTA\eepromWiFi.h = SoftataOTA\eepromWiFi.h
		SoftataOTA\iothub.h = SoftataOTA\iothub.h
		SoftataOTA\rpiboards.h = SoftataOTA\rpiboards.h
		SoftataOTA\rpiwatchdog.c = SoftataOTA\rpiwatchdog.c
		SoftataOTA\rpiwatchdog.h = SoftataOTA\rpiwatchdog.h
		SoftataOTA\serial_macros.h = SoftataOTA\serial_macros.h
		SoftataOTA\Softata.h = SoftataOTA\Softata.h
		SoftataOTA\SoftataCore2.h = SoftataOTA\SoftataCore2.h
		SoftataOTA\SoftataOTA.h = SoftataOTA\SoftataOTA.h
	EndProjectSection
EndProject
Project("{2150E333-8FDC-42A3-9474-1A3956D46DE8}") = "SoftataOptSerial", "SoftataOptSerial", "{E63711C8-F627-4EA4-85E2-B618F227483B}"
	ProjectSection(SolutionItems) = preProject
		SoftataOptSerial\devicesLists.h = SoftataOptSerial\devicesLists.h
		SoftataOptSerial\iothub.h = SoftataOptSerial\iothub.h
		SoftataOptSerial\rpiboards.h = SoftataOptSerial\rpiboards.h
		SoftataOptSerial\rpiwatchdog.c = SoftataOptSerial\rpiwatchdog.c
		SoftataOptSerial\rpiwatchdog.h = SoftataOptSerial\rpiwatchdog.h
		SoftataOptSerial\serial_macros.h = SoftataOptSerial\serial_macros.h
		SoftataOptSerial\Softata.h = SoftataOptSerial\Softata.h
		SoftataOptSerial\SoftataCore2.h = SoftataOptSerial\SoftataCore2.h
		SoftataOptSerial\SoftataOptSerial.ino = SoftataOptSerial\SoftataOptSerial.ino
	EndProjectSection
EndProject
Project("{2150E333-8FDC-42A3-9474-1A3956D46DE8}") = "eepromwifi", "eepromwifi", "{8482F3A4-F77A-42A9-A9A2-D2DD82DEA428}"
	ProjectSection(SolutionItems) = preProject
		MiscArduinoSketches\eepromWiFi\eepromWiFi.h = MiscArduinoSketches\eepromWiFi\eepromWiFi.h
		MiscArduinoSketches\eepromWiFi\eepromWiFi.ino = MiscArduinoSketches\eepromWiFi\eepromWiFi.ino
	EndProjectSection
EndProject
Project("{2150E333-8FDC-42A3-9474-1A3956D46DE8}") = "GetWifiIPAddress", "GetWifiIPAddress", "{A4372086-1DD4-4B05-956A-92ACE2709F9E}"
	ProjectSection(SolutionItems) = preProject
		MiscArduinoSketches\GetWifiIPAddress\GetWifiIPAddress.ino = MiscArduinoSketches\GetWifiIPAddress\GetWifiIPAddress.ino
	EndProjectSection
EndProject
Project("{2150E333-8FDC-42A3-9474-1A3956D46DE8}") = "bat", "bat", "{D16761E9-C116-4CF3-BDBB-653C91E18539}"
	ProjectSection(SolutionItems) = preProject
		MiscArduinoSketches\bat\espota.py = MiscArduinoSketches\bat\espota.py
		MiscArduinoSketches\bat\OTA-pythoninpath.bat = MiscArduinoSketches\bat\OTA-pythoninpath.bat
		MiscArduinoSketches\bat\OTALedFlash-pythoninpath.bat = MiscArduinoSketches\bat\OTALedFlash-pythoninpath.bat
		MiscArduinoSketches\bat\USBCheckWiFi.bat = MiscArduinoSketches\bat\USBCheckWiFi.bat
		MiscArduinoSketches\bat\USBSerialFlashWiFi.bat = MiscArduinoSketches\bat\USBSerialFlashWiFi.bat
	EndProjectSection
EndProject
Project("{2150E333-8FDC-42A3-9474-1A3956D46DE8}") = "BinZip", "BinZip", "{D497681E-55B6-401C-9BFC-EFE42B37BF1F}"
	ProjectSection(SolutionItems) = preProject
		MiscArduinoSketches\BinZip\eepromWiFi.ino.bin = MiscArduinoSketches\BinZip\eepromWiFi.ino.bin
		MiscArduinoSketches\BinZip\eepromWiFi.ino.uf2 = MiscArduinoSketches\BinZip\eepromWiFi.ino.uf2
		MiscArduinoSketches\BinZip\espota.py = MiscArduinoSketches\BinZip\espota.py
		MiscArduinoSketches\BinZip\GetWifiIPAddress.ino.bin = MiscArduinoSketches\BinZip\GetWifiIPAddress.ino.bin
		MiscArduinoSketches\BinZip\GetWifiIPAddress.ino.uf2 = MiscArduinoSketches\BinZip\GetWifiIPAddress.ino.uf2
		MiscArduinoSketches\BinZip\OTA-pythoninpath.bat = MiscArduinoSketches\BinZip\OTA-pythoninpath.bat
		MiscArduinoSketches\BinZip\OTALedFlash.ino.bin = MiscArduinoSketches\BinZip\OTALedFlash.ino.bin
		MiscArduinoSketches\BinZip\OTALedFlash.ino.uf2 = MiscArduinoSketches\BinZip\OTALedFlash.ino.uf2
		MiscArduinoSketches\BinZip\SoftataOTAnoSerialDebug.ino.bin = MiscArduinoSketches\BinZip\SoftataOTAnoSerialDebug.ino.bin
		MiscArduinoSketches\BinZip\SoftataOTAnoSerialDebug.ino.uf2 = MiscArduinoSketches\BinZip\SoftataOTAnoSerialDebug.ino.uf2
		MiscArduinoSketches\BinZip\SoftataOTAwithSerialDebug.ino.bin = MiscArduinoSketches\BinZip\SoftataOTAwithSerialDebug.ino.bin
		MiscArduinoSketches\BinZip\SoftataOTAwithSerialDebug.ino.uf2 = MiscArduinoSketches\BinZip\SoftataOTAwithSerialDebug.ino.uf2
		MiscArduinoSketches\BinZip\USBSerialCopyUf2.bat = MiscArduinoSketches\BinZip\USBSerialCopyUf2.bat
	EndProjectSection
EndProject
Project("{9A19103F-16F7-4668-BE54-9A1E7A4F7556}") = "SoftataLib", "SofataLib\SoftataLib.csproj", "{B76E91E9-BD83-4313-9D1E-248A164B012E}"
EndProject
Project("{9A19103F-16F7-4668-BE54-9A1E7A4F7556}") = "BlazorSoftata2", "BlazorSoftata2\BlazorSoftata2.csproj", "{B3067976-2472-4761-B982-03E16377EBA6}"
EndProject
Project("{9A19103F-16F7-4668-BE54-9A1E7A4F7556}") = "SoftataConsole2", "SoftataConsole2\SoftataConsole2.csproj", "{C3E03AAB-1C54-4705-9B8C-672514E1124C}"
EndProject
Project("{9A19103F-16F7-4668-BE54-9A1E7A4F7556}") = "SoftataInfo2DB", "SoftataInfo2DB\SoftataInfo2DB.csproj", "{E5509D89-85B2-4FF2-A989-E4FF84A8689A}"
EndProject
Project("{FAE04EC0-301F-11D3-BF4B-00C04F79EFBC}") = "SoftataLibSessioned4Blockly", "SofataLibSessioned4Blockly\SoftataLibSessioned4Blockly.csproj", "{54E73DCB-EB7F-D989-2267-04ABB7F9544B}"
EndProject
Global
	GlobalSection(SolutionConfigurationPlatforms) = preSolution
		Debug|Any CPU = Debug|Any CPU
		Release|Any CPU = Release|Any CPU
	EndGlobalSection
	GlobalSection(ProjectConfigurationPlatforms) = postSolution
		{93DBA8B2-9F2C-47F0-9DEE-4B38020570DF}.Debug|Any CPU.ActiveCfg = Debug|Any CPU
		{93DBA8B2-9F2C-47F0-9DEE-4B38020570DF}.Debug|Any CPU.Build.0 = Debug|Any CPU
		{93DBA8B2-9F2C-47F0-9DEE-4B38020570DF}.Release|Any CPU.ActiveCfg = Release|Any CPU
		{B76E91E9-BD83-4313-9D1E-248A164B012E}.Debug|Any CPU.ActiveCfg = Debug|Any CPU
		{B76E91E9-BD83-4313-9D1E-248A164B012E}.Debug|Any CPU.Build.0 = Debug|Any CPU
		{B76E91E9-BD83-4313-9D1E-248A164B012E}.Release|Any CPU.ActiveCfg = Release|Any CPU
		{B76E91E9-BD83-4313-9D1E-248A164B012E}.Release|Any CPU.Build.0 = Release|Any CPU
		{B3067976-2472-4761-B982-03E16377EBA6}.Debug|Any CPU.ActiveCfg = Debug|Any CPU
		{B3067976-2472-4761-B982-03E16377EBA6}.Debug|Any CPU.Build.0 = Debug|Any CPU
		{B3067976-2472-4761-B982-03E16377EBA6}.Release|Any CPU.ActiveCfg = Release|Any CPU
		{B3067976-2472-4761-B982-03E16377EBA6}.Release|Any CPU.Build.0 = Release|Any CPU
		{C3E03AAB-1C54-4705-9B8C-672514E1124C}.Debug|Any CPU.ActiveCfg = Debug|Any CPU
		{C3E03AAB-1C54-4705-9B8C-672514E1124C}.Debug|Any CPU.Build.0 = Debug|Any CPU
		{C3E03AAB-1C54-4705-9B8C-672514E1124C}.Release|Any CPU.ActiveCfg = Release|Any CPU
		{C3E03AAB-1C54-4705-9B8C-672514E1124C}.Release|Any CPU.Build.0 = Release|Any CPU
		{E5509D89-85B2-4FF2-A989-E4FF84A8689A}.Debug|Any CPU.ActiveCfg = Debug|Any CPU
		{E5509D89-85B2-4FF2-A989-E4FF84A8689A}.Debug|Any CPU.Build.0 = Debug|Any CPU
		{E5509D89-85B2-4FF2-A989-E4FF84A8689A}.Release|Any CPU.ActiveCfg = Release|Any CPU
		{E5509D89-85B2-4FF2-A989-E4FF84A8689A}.Release|Any CPU.Build.0 = Release|Any CPU
		{54E73DCB-EB7F-D989-2267-04ABB7F9544B}.Debug|Any CPU.ActiveCfg = Debug|Any CPU
		{54E73DCB-EB7F-D989-2267-04ABB7F9544B}.Debug|Any CPU.Build.0 = Debug|Any CPU
		{54E73DCB-EB7F-D989-2267-04ABB7F9544B}.Release|Any CPU.ActiveCfg = Release|Any CPU
		{54E73DCB-EB7F-D989-2267-04ABB7F9544B}.Release|Any CPU.Build.0 = Release|Any CPU
	EndGlobalSection
	GlobalSection(SolutionProperties) = preSolution
		HideSolutionNode = FALSE
	EndGlobalSection
	GlobalSection(NestedProjects) = preSolution
		{60F3D639-033B-434F-B14B-2ABB6089B703} = {5C9D7B95-EAC4-4C11-A784-C0B0F706E099}
		{4F9B17D9-D813-440F-B032-16F666BA5574} = {60F3D639-033B-434F-B14B-2ABB6089B703}
		{4E76E241-63D8-4B79-B328-EC08E1335297} = {60B26E93-BC37-48E6-8021-B6306EBF18F2}
		{1D47515E-81D0-4D41-98F8-8F9DEA6EB53F} = {60B26E93-BC37-48E6-8021-B6306EBF18F2}
		{E63711C8-F627-4EA4-85E2-B618F227483B} = {60B26E93-BC37-48E6-8021-B6306EBF18F2}
		{8482F3A4-F77A-42A9-A9A2-D2DD82DEA428} = {60F3D639-033B-434F-B14B-2ABB6089B703}
		{A4372086-1DD4-4B05-956A-92ACE2709F9E} = {60F3D639-033B-434F-B14B-2ABB6089B703}
		{D16761E9-C116-4CF3-BDBB-653C91E18539} = {60F3D639-033B-434F-B14B-2ABB6089B703}
		{D497681E-55B6-401C-9BFC-EFE42B37BF1F} = {60F3D639-033B-434F-B14B-2ABB6089B703}
	EndGlobalSection
	GlobalSection(ExtensibilityGlobals) = postSolution
		SolutionGuid = {84B4F03A-12C2-41A7-A747-5849AA29553F}
	EndGlobalSection
EndGlobal
